
Microsoft Visual Studio Solution File, Format Version 12.00
# Visual Studio Version 17
VisualStudioVersion = 17.8.34525.116
MinimumVisualStudioVersion = 10.0.40219.1
Project("{FAE04EC0-301F-11D3-BF4B-00C04F79EFBC}") = "AppControleFinanceiro", "AppControleFinanceiro\AppControleFinanceiro.csproj", "{4F9869EB-5A3F-452D-A621-A7B2F0EE0D7E}"
EndProject
Global
	GlobalSection(SolutionConfigurationPlatforms) = preSolution
		Debug|Any CPU = Debug|Any CPU
		Release|Any CPU = Release|Any CPU
	EndGlobalSection
	GlobalSection(ProjectConfigurationPlatforms) = postSolution
		{4F9869EB-5A3F-452D-A621-A7B2F0EE0D7E}.Debug|Any CPU.ActiveCfg = Debug|Any CPU
		{4F9869EB-5A3F-452D-A621-A7B2F0EE0D7E}.Debug|Any CPU.Build.0 = Debug|Any CPU
		{4F9869EB-5A3F-452D-A621-A7B2F0EE0D7E}.Debug|Any CPU.Deploy.0 = Debug|Any CPU
		{4F9869EB-5A3F-452D-A621-A7B2F0EE0D7E}.Release|Any CPU.ActiveCfg = Release|Any CPU
		{4F9869EB-5A3F-452D-A621-A7B2F0EE0D7E}.Release|Any CPU.Build.0 = Release|Any CPU
		{4F9869EB-5A3F-452D-A621-A7B2F0EE0D7E}.Release|Any CPU.Deploy.0 = Release|Any CPU
	EndGlobalSection
	GlobalSection(SolutionProperties) = preSolution
		HideSolutionNode = FALSE
	EndGlobalSection
	GlobalSection(ExtensibilityGlobals) = postSolution
		SolutionGuid = {A6CE64A1-5787-47BD-9E05-B6E8072617D0}
	EndGlobalSection
EndGlobal
